// !$*UTF8*$!
{
	archiveVersion = 1;
	classes = {
	};
	objectVersion = 56;
	objects = {

/* Begin PBXBuildFile section */
		C00DB6992B7FE6E9008DFCB9 /* AppDelegate.swift in Sources */ = {isa = PBXBuildFile; fileRef = C00DB6982B7FE6E9008DFCB9 /* AppDelegate.swift */; };
		C00DB69B2B7FE6E9008DFCB9 /* SceneDelegate.swift in Sources */ = {isa = PBXBuildFile; fileRef = C00DB69A2B7FE6E9008DFCB9 /* SceneDelegate.swift */; };
		C00DB6A22B7FE6EB008DFCB9 /* Assets.xcassets in Resources */ = {isa = PBXBuildFile; fileRef = C00DB6A12B7FE6EB008DFCB9 /* Assets.xcassets */; };
		C00DB6A52B7FE6EB008DFCB9 /* LaunchScreen.storyboard in Resources */ = {isa = PBXBuildFile; fileRef = C00DB6A32B7FE6EB008DFCB9 /* LaunchScreen.storyboard */; };
		C00DB6B02B7FE6EB008DFCB9 /* BookRideTests.swift in Sources */ = {isa = PBXBuildFile; fileRef = C00DB6AF2B7FE6EB008DFCB9 /* BookRideTests.swift */; };
		C00DB6BA2B7FE6EB008DFCB9 /* BookRideUITests.swift in Sources */ = {isa = PBXBuildFile; fileRef = C00DB6B92B7FE6EB008DFCB9 /* BookRideUITests.swift */; };
		C00DB6BC2B7FE6EB008DFCB9 /* BookRideUITestsLaunchTests.swift in Sources */ = {isa = PBXBuildFile; fileRef = C00DB6BB2B7FE6EB008DFCB9 /* BookRideUITestsLaunchTests.swift */; };
		C00DB6D12B7FF6C7008DFCB9 /* NiblessViewController.swift in Sources */ = {isa = PBXBuildFile; fileRef = C00DB6D02B7FF6C7008DFCB9 /* NiblessViewController.swift */; };
		C00DB6D32B7FF85A008DFCB9 /* NiblessView.swift in Sources */ = {isa = PBXBuildFile; fileRef = C00DB6D22B7FF85A008DFCB9 /* NiblessView.swift */; };
		C00DB6D62B7FF95F008DFCB9 /* MainViewController.swift in Sources */ = {isa = PBXBuildFile; fileRef = C00DB6D52B7FF95F008DFCB9 /* MainViewController.swift */; };
		C00DB6DA2B7FFA12008DFCB9 /* MainViewModel.swift in Sources */ = {isa = PBXBuildFile; fileRef = C00DB6D92B7FFA12008DFCB9 /* MainViewModel.swift */; };
		C00DB6DC2B7FFB38008DFCB9 /* AppDependencyContainer.swift in Sources */ = {isa = PBXBuildFile; fileRef = C00DB6DB2B7FFB38008DFCB9 /* AppDependencyContainer.swift */; };
		C04B6C7C2B81381F009137A7 /* NiblessNavigationController.swift in Sources */ = {isa = PBXBuildFile; fileRef = C04B6C7B2B81381F009137A7 /* NiblessNavigationController.swift */; };
		C04B6C7E2B81398D009137A7 /* OnboardingView.swift in Sources */ = {isa = PBXBuildFile; fileRef = C04B6C7D2B81398D009137A7 /* OnboardingView.swift */; };
		C04B6C812B813A18009137A7 /* NavigationAction.swift in Sources */ = {isa = PBXBuildFile; fileRef = C04B6C802B813A18009137A7 /* NavigationAction.swift */; };
		C04B6C832B814637009137A7 /* WelcomeViewModel.swift in Sources */ = {isa = PBXBuildFile; fileRef = C04B6C822B814637009137A7 /* WelcomeViewModel.swift */; };
		C04B6C852B814685009137A7 /* GotoSignInNavigator.swift in Sources */ = {isa = PBXBuildFile; fileRef = C04B6C842B814685009137A7 /* GotoSignInNavigator.swift */; };
		C04B6C872B814694009137A7 /* GotoSignUpNavigator.swift in Sources */ = {isa = PBXBuildFile; fileRef = C04B6C862B814694009137A7 /* GotoSignUpNavigator.swift */; };
		C04B6C892B81499D009137A7 /* OnboardingDependencyContainer.swift in Sources */ = {isa = PBXBuildFile; fileRef = C04B6C882B81499D009137A7 /* OnboardingDependencyContainer.swift */; };
		C04B6C8B2B846FBC009137A7 /* UIColor+Extension.swift in Sources */ = {isa = PBXBuildFile; fileRef = C04B6C8A2B846FBC009137A7 /* UIColor+Extension.swift */; };
		C04B6C8E2B847111009137A7 /* AppColorPallete.png in Resources */ = {isa = PBXBuildFile; fileRef = C04B6C8D2B847111009137A7 /* AppColorPallete.png */; };
		C04B6C902B84720B009137A7 /* SignInViewController.swift in Sources */ = {isa = PBXBuildFile; fileRef = C04B6C8F2B84720B009137A7 /* SignInViewController.swift */; };
		C04B6C922B847227009137A7 /* SignInRootView.swift in Sources */ = {isa = PBXBuildFile; fileRef = C04B6C912B847227009137A7 /* SignInRootView.swift */; };
		C04B6C952B847269009137A7 /* SignInViewModel.swift in Sources */ = {isa = PBXBuildFile; fileRef = C04B6C942B847269009137A7 /* SignInViewModel.swift */; };
		C0B8E60D2B80B0E70004BBFE /* MainView.swift in Sources */ = {isa = PBXBuildFile; fileRef = C0B8E60C2B80B0E70004BBFE /* MainView.swift */; };
		C0B8E60F2B80D4720004BBFE /* LaunchViewModel.swift in Sources */ = {isa = PBXBuildFile; fileRef = C0B8E60E2B80D4720004BBFE /* LaunchViewModel.swift */; };
		C0B8E6112B80D4E50004BBFE /* LaunchViewController.swift in Sources */ = {isa = PBXBuildFile; fileRef = C0B8E6102B80D4E50004BBFE /* LaunchViewController.swift */; };
		C0B8E6152B80D97A0004BBFE /* Color.swift in Sources */ = {isa = PBXBuildFile; fileRef = C0B8E6142B80D97A0004BBFE /* Color.swift */; };
		C0B8E6192B80DC540004BBFE /* LaunchRootView.swift in Sources */ = {isa = PBXBuildFile; fileRef = C0B8E6182B80DC540004BBFE /* LaunchRootView.swift */; };
		C0B8E61B2B80E2010004BBFE /* ViewControllerContainment.swift in Sources */ = {isa = PBXBuildFile; fileRef = C0B8E61A2B80E2010004BBFE /* ViewControllerContainment.swift */; };
		C0B8E61F2B80F49D0004BBFE /* OnboardingViewController.swift in Sources */ = {isa = PBXBuildFile; fileRef = C0B8E61E2B80F49D0004BBFE /* OnboardingViewController.swift */; };
		C0B8E6242B80FE820004BBFE /* UserAuthenticationProtocol.swift in Sources */ = {isa = PBXBuildFile; fileRef = C0B8E6232B80FE820004BBFE /* UserAuthenticationProtocol.swift */; };
		C0B8E6262B80FF780004BBFE /* WelcomeViewController.swift in Sources */ = {isa = PBXBuildFile; fileRef = C0B8E6252B80FF780004BBFE /* WelcomeViewController.swift */; };
		C0B8E6282B80FF880004BBFE /* WelcomeRootView.swift in Sources */ = {isa = PBXBuildFile; fileRef = C0B8E6272B80FF880004BBFE /* WelcomeRootView.swift */; };
		C0B8E62E2B81075A0004BBFE /* OnboardingViewModel.swift in Sources */ = {isa = PBXBuildFile; fileRef = C0B8E62D2B81075A0004BBFE /* OnboardingViewModel.swift */; };
		C0CE63C72B85BB280058B850 /* SignUpViewModel.swift in Sources */ = {isa = PBXBuildFile; fileRef = C0CE63C62B85BB280058B850 /* SignUpViewModel.swift */; };
		C0CE63C92B85BB5B0058B850 /* SignUpViewController.swift in Sources */ = {isa = PBXBuildFile; fileRef = C0CE63C82B85BB5B0058B850 /* SignUpViewController.swift */; };
		C0CE63CB2B85BB730058B850 /* SignUpRootView.swift in Sources */ = {isa = PBXBuildFile; fileRef = C0CE63CA2B85BB730058B850 /* SignUpRootView.swift */; };
		C0CE63CE2B8645B90058B850 /* CustomLabels.swift in Sources */ = {isa = PBXBuildFile; fileRef = C0CE63CD2B8645B80058B850 /* CustomLabels.swift */; };
/* End PBXBuildFile section */

/* Begin PBXContainerItemProxy section */
		C00DB6AC2B7FE6EB008DFCB9 /* PBXContainerItemProxy */ = {
			isa = PBXContainerItemProxy;
			containerPortal = C00DB68D2B7FE6E9008DFCB9 /* Project object */;
			proxyType = 1;
			remoteGlobalIDString = C00DB6942B7FE6E9008DFCB9;
			remoteInfo = BookRide;
		};
		C00DB6B62B7FE6EB008DFCB9 /* PBXContainerItemProxy */ = {
			isa = PBXContainerItemProxy;
			containerPortal = C00DB68D2B7FE6E9008DFCB9 /* Project object */;
			proxyType = 1;
			remoteGlobalIDString = C00DB6942B7FE6E9008DFCB9;
			remoteInfo = BookRide;
		};
/* End PBXContainerItemProxy section */

/* Begin PBXFileReference section */
		C00DB6952B7FE6E9008DFCB9 /* BookRide.app */ = {isa = PBXFileReference; explicitFileType = wrapper.application; includeInIndex = 0; path = BookRide.app; sourceTree = BUILT_PRODUCTS_DIR; };
		C00DB6982B7FE6E9008DFCB9 /* AppDelegate.swift */ = {isa = PBXFileReference; lastKnownFileType = sourcecode.swift; path = AppDelegate.swift; sourceTree = "<group>"; };
		C00DB69A2B7FE6E9008DFCB9 /* SceneDelegate.swift */ = {isa = PBXFileReference; lastKnownFileType = sourcecode.swift; path = SceneDelegate.swift; sourceTree = "<group>"; };
		C00DB6A12B7FE6EB008DFCB9 /* Assets.xcassets */ = {isa = PBXFileReference; lastKnownFileType = folder.assetcatalog; path = Assets.xcassets; sourceTree = "<group>"; };
		C00DB6A42B7FE6EB008DFCB9 /* Base */ = {isa = PBXFileReference; lastKnownFileType = file.storyboard; name = Base; path = Base.lproj/LaunchScreen.storyboard; sourceTree = "<group>"; };
		C00DB6A62B7FE6EB008DFCB9 /* Info.plist */ = {isa = PBXFileReference; lastKnownFileType = text.plist.xml; path = Info.plist; sourceTree = "<group>"; };
		C00DB6AB2B7FE6EB008DFCB9 /* BookRideTests.xctest */ = {isa = PBXFileReference; explicitFileType = wrapper.cfbundle; includeInIndex = 0; path = BookRideTests.xctest; sourceTree = BUILT_PRODUCTS_DIR; };
		C00DB6AF2B7FE6EB008DFCB9 /* BookRideTests.swift */ = {isa = PBXFileReference; lastKnownFileType = sourcecode.swift; path = BookRideTests.swift; sourceTree = "<group>"; };
		C00DB6B52B7FE6EB008DFCB9 /* BookRideUITests.xctest */ = {isa = PBXFileReference; explicitFileType = wrapper.cfbundle; includeInIndex = 0; path = BookRideUITests.xctest; sourceTree = BUILT_PRODUCTS_DIR; };
		C00DB6B92B7FE6EB008DFCB9 /* BookRideUITests.swift */ = {isa = PBXFileReference; lastKnownFileType = sourcecode.swift; path = BookRideUITests.swift; sourceTree = "<group>"; };
		C00DB6BB2B7FE6EB008DFCB9 /* BookRideUITestsLaunchTests.swift */ = {isa = PBXFileReference; lastKnownFileType = sourcecode.swift; path = BookRideUITestsLaunchTests.swift; sourceTree = "<group>"; };
		C00DB6D02B7FF6C7008DFCB9 /* NiblessViewController.swift */ = {isa = PBXFileReference; lastKnownFileType = sourcecode.swift; path = NiblessViewController.swift; sourceTree = "<group>"; };
		C00DB6D22B7FF85A008DFCB9 /* NiblessView.swift */ = {isa = PBXFileReference; lastKnownFileType = sourcecode.swift; path = NiblessView.swift; sourceTree = "<group>"; };
		C00DB6D52B7FF95F008DFCB9 /* MainViewController.swift */ = {isa = PBXFileReference; lastKnownFileType = sourcecode.swift; path = MainViewController.swift; sourceTree = "<group>"; };
		C00DB6D92B7FFA12008DFCB9 /* MainViewModel.swift */ = {isa = PBXFileReference; lastKnownFileType = sourcecode.swift; path = MainViewModel.swift; sourceTree = "<group>"; };
		C00DB6DB2B7FFB38008DFCB9 /* AppDependencyContainer.swift */ = {isa = PBXFileReference; lastKnownFileType = sourcecode.swift; path = AppDependencyContainer.swift; sourceTree = "<group>"; };
		C04B6C7B2B81381F009137A7 /* NiblessNavigationController.swift */ = {isa = PBXFileReference; lastKnownFileType = sourcecode.swift; path = NiblessNavigationController.swift; sourceTree = "<group>"; };
		C04B6C7D2B81398D009137A7 /* OnboardingView.swift */ = {isa = PBXFileReference; lastKnownFileType = sourcecode.swift; path = OnboardingView.swift; sourceTree = "<group>"; };
		C04B6C802B813A18009137A7 /* NavigationAction.swift */ = {isa = PBXFileReference; lastKnownFileType = sourcecode.swift; path = NavigationAction.swift; sourceTree = "<group>"; };
		C04B6C822B814637009137A7 /* WelcomeViewModel.swift */ = {isa = PBXFileReference; lastKnownFileType = sourcecode.swift; path = WelcomeViewModel.swift; sourceTree = "<group>"; };
		C04B6C842B814685009137A7 /* GotoSignInNavigator.swift */ = {isa = PBXFileReference; lastKnownFileType = sourcecode.swift; path = GotoSignInNavigator.swift; sourceTree = "<group>"; };
		C04B6C862B814694009137A7 /* GotoSignUpNavigator.swift */ = {isa = PBXFileReference; lastKnownFileType = sourcecode.swift; path = GotoSignUpNavigator.swift; sourceTree = "<group>"; };
		C04B6C882B81499D009137A7 /* OnboardingDependencyContainer.swift */ = {isa = PBXFileReference; lastKnownFileType = sourcecode.swift; path = OnboardingDependencyContainer.swift; sourceTree = "<group>"; };
		C04B6C8A2B846FBC009137A7 /* UIColor+Extension.swift */ = {isa = PBXFileReference; lastKnownFileType = sourcecode.swift; path = "UIColor+Extension.swift"; sourceTree = "<group>"; };
		C04B6C8D2B847111009137A7 /* AppColorPallete.png */ = {isa = PBXFileReference; lastKnownFileType = image.png; path = AppColorPallete.png; sourceTree = "<group>"; };
		C04B6C8F2B84720B009137A7 /* SignInViewController.swift */ = {isa = PBXFileReference; lastKnownFileType = sourcecode.swift; path = SignInViewController.swift; sourceTree = "<group>"; };
		C04B6C912B847227009137A7 /* SignInRootView.swift */ = {isa = PBXFileReference; lastKnownFileType = sourcecode.swift; path = SignInRootView.swift; sourceTree = "<group>"; };
		C04B6C942B847269009137A7 /* SignInViewModel.swift */ = {isa = PBXFileReference; lastKnownFileType = sourcecode.swift; path = SignInViewModel.swift; sourceTree = "<group>"; };
		C0B8E60C2B80B0E70004BBFE /* MainView.swift */ = {isa = PBXFileReference; lastKnownFileType = sourcecode.swift; path = MainView.swift; sourceTree = "<group>"; };
		C0B8E60E2B80D4720004BBFE /* LaunchViewModel.swift */ = {isa = PBXFileReference; lastKnownFileType = sourcecode.swift; path = LaunchViewModel.swift; sourceTree = "<group>"; };
		C0B8E6102B80D4E50004BBFE /* LaunchViewController.swift */ = {isa = PBXFileReference; lastKnownFileType = sourcecode.swift; path = LaunchViewController.swift; sourceTree = "<group>"; };
		C0B8E6142B80D97A0004BBFE /* Color.swift */ = {isa = PBXFileReference; lastKnownFileType = sourcecode.swift; path = Color.swift; sourceTree = "<group>"; };
		C0B8E6182B80DC540004BBFE /* LaunchRootView.swift */ = {isa = PBXFileReference; lastKnownFileType = sourcecode.swift; path = LaunchRootView.swift; sourceTree = "<group>"; };
		C0B8E61A2B80E2010004BBFE /* ViewControllerContainment.swift */ = {isa = PBXFileReference; lastKnownFileType = sourcecode.swift; path = ViewControllerContainment.swift; sourceTree = "<group>"; };
		C0B8E61E2B80F49D0004BBFE /* OnboardingViewController.swift */ = {isa = PBXFileReference; lastKnownFileType = sourcecode.swift; path = OnboardingViewController.swift; sourceTree = "<group>"; };
		C0B8E6232B80FE820004BBFE /* UserAuthenticationProtocol.swift */ = {isa = PBXFileReference; lastKnownFileType = sourcecode.swift; path = UserAuthenticationProtocol.swift; sourceTree = "<group>"; };
		C0B8E6252B80FF780004BBFE /* WelcomeViewController.swift */ = {isa = PBXFileReference; lastKnownFileType = sourcecode.swift; path = WelcomeViewController.swift; sourceTree = "<group>"; };
		C0B8E6272B80FF880004BBFE /* WelcomeRootView.swift */ = {isa = PBXFileReference; lastKnownFileType = sourcecode.swift; path = WelcomeRootView.swift; sourceTree = "<group>"; };
		C0B8E62D2B81075A0004BBFE /* OnboardingViewModel.swift */ = {isa = PBXFileReference; lastKnownFileType = sourcecode.swift; path = OnboardingViewModel.swift; sourceTree = "<group>"; };
		C0CE63C62B85BB280058B850 /* SignUpViewModel.swift */ = {isa = PBXFileReference; lastKnownFileType = sourcecode.swift; path = SignUpViewModel.swift; sourceTree = "<group>"; };
		C0CE63C82B85BB5B0058B850 /* SignUpViewController.swift */ = {isa = PBXFileReference; lastKnownFileType = sourcecode.swift; path = SignUpViewController.swift; sourceTree = "<group>"; };
		C0CE63CA2B85BB730058B850 /* SignUpRootView.swift */ = {isa = PBXFileReference; lastKnownFileType = sourcecode.swift; path = SignUpRootView.swift; sourceTree = "<group>"; };
		C0CE63CD2B8645B80058B850 /* CustomLabels.swift */ = {isa = PBXFileReference; lastKnownFileType = sourcecode.swift; path = CustomLabels.swift; sourceTree = "<group>"; };
/* End PBXFileReference section */

/* Begin PBXFrameworksBuildPhase section */
		C00DB6922B7FE6E9008DFCB9 /* Frameworks */ = {
			isa = PBXFrameworksBuildPhase;
			buildActionMask = 2147483647;
			files = (
			);
			runOnlyForDeploymentPostprocessing = 0;
		};
		C00DB6A82B7FE6EB008DFCB9 /* Frameworks */ = {
			isa = PBXFrameworksBuildPhase;
			buildActionMask = 2147483647;
			files = (
			);
			runOnlyForDeploymentPostprocessing = 0;
		};
		C00DB6B22B7FE6EB008DFCB9 /* Frameworks */ = {
			isa = PBXFrameworksBuildPhase;
			buildActionMask = 2147483647;
			files = (
			);
			runOnlyForDeploymentPostprocessing = 0;
		};
/* End PBXFrameworksBuildPhase section */

/* Begin PBXGroup section */
		C00DB68C2B7FE6E9008DFCB9 = {
			isa = PBXGroup;
			children = (
				C00DB6972B7FE6E9008DFCB9 /* BookRide */,
				C00DB6AE2B7FE6EB008DFCB9 /* BookRideTests */,
				C00DB6B82B7FE6EB008DFCB9 /* BookRideUITests */,
				C00DB6962B7FE6E9008DFCB9 /* Products */,
			);
			sourceTree = "<group>";
		};
		C00DB6962B7FE6E9008DFCB9 /* Products */ = {
			isa = PBXGroup;
			children = (
				C00DB6952B7FE6E9008DFCB9 /* BookRide.app */,
				C00DB6AB2B7FE6EB008DFCB9 /* BookRideTests.xctest */,
				C00DB6B52B7FE6EB008DFCB9 /* BookRideUITests.xctest */,
			);
			name = Products;
			sourceTree = "<group>";
		};
		C00DB6972B7FE6E9008DFCB9 /* BookRide */ = {
			isa = PBXGroup;
			children = (
				C04B6C8C2B8470E3009137A7 /* Resources */,
				C00DB6CC2B7FEAF4008DFCB9 /* Assets */,
				C00DB6CB2B7FEAE5008DFCB9 /* AppDelegates */,
				C00DB6C82B7FE700008DFCB9 /* BookRideiOS */,
				C00DB6C92B7FE717008DFCB9 /* BookRideUIKIT */,
				C00DB6CA2B7FE73C008DFCB9 /* BookRideKit */,
				C00DB6A62B7FE6EB008DFCB9 /* Info.plist */,
			);
			path = BookRide;
			sourceTree = "<group>";
		};
		C00DB6AE2B7FE6EB008DFCB9 /* BookRideTests */ = {
			isa = PBXGroup;
			children = (
				C00DB6AF2B7FE6EB008DFCB9 /* BookRideTests.swift */,
			);
			path = BookRideTests;
			sourceTree = "<group>";
		};
		C00DB6B82B7FE6EB008DFCB9 /* BookRideUITests */ = {
			isa = PBXGroup;
			children = (
				C00DB6B92B7FE6EB008DFCB9 /* BookRideUITests.swift */,
				C00DB6BB2B7FE6EB008DFCB9 /* BookRideUITestsLaunchTests.swift */,
			);
			path = BookRideUITests;
			sourceTree = "<group>";
		};
		C00DB6C82B7FE700008DFCB9 /* BookRideiOS */ = {
			isa = PBXGroup;
			children = (
				C00DB6D42B7FF912008DFCB9 /* iOSApp */,
			);
			path = BookRideiOS;
			sourceTree = "<group>";
		};
		C00DB6C92B7FE717008DFCB9 /* BookRideUIKIT */ = {
			isa = PBXGroup;
			children = (
				C00DB6CD2B7FF66F008DFCB9 /* Reusable */,
			);
			path = BookRideUIKIT;
			sourceTree = "<group>";
		};
		C00DB6CA2B7FE73C008DFCB9 /* BookRideKit */ = {
			isa = PBXGroup;
			children = (
				C00DB6D72B7FF9C7008DFCB9 /* DataLayer */,
				C00DB6D82B7FF9D0008DFCB9 /* UILayer */,
			);
			path = BookRideKit;
			sourceTree = "<group>";
		};
		C00DB6CB2B7FEAE5008DFCB9 /* AppDelegates */ = {
			isa = PBXGroup;
			children = (
				C00DB6982B7FE6E9008DFCB9 /* AppDelegate.swift */,
				C00DB69A2B7FE6E9008DFCB9 /* SceneDelegate.swift */,
			);
			path = AppDelegates;
			sourceTree = "<group>";
		};
		C00DB6CC2B7FEAF4008DFCB9 /* Assets */ = {
			isa = PBXGroup;
			children = (
				C00DB6A32B7FE6EB008DFCB9 /* LaunchScreen.storyboard */,
				C00DB6A12B7FE6EB008DFCB9 /* Assets.xcassets */,
			);
			path = Assets;
			sourceTree = "<group>";
		};
		C00DB6CD2B7FF66F008DFCB9 /* Reusable */ = {
			isa = PBXGroup;
			children = (
				C0B8E6132B80D9630004BBFE /* Style */,
				C0B8E6122B80D9530004BBFE /* UIKit */,
				C0B8E61A2B80E2010004BBFE /* ViewControllerContainment.swift */,
			);
			path = Reusable;
			sourceTree = "<group>";
		};
		C00DB6CF2B7FF69B008DFCB9 /* NiblessComponents */ = {
			isa = PBXGroup;
			children = (
				C00DB6D02B7FF6C7008DFCB9 /* NiblessViewController.swift */,
				C00DB6D22B7FF85A008DFCB9 /* NiblessView.swift */,
				C04B6C7B2B81381F009137A7 /* NiblessNavigationController.swift */,
			);
			path = NiblessComponents;
			sourceTree = "<group>";
		};
		C00DB6D42B7FF912008DFCB9 /* iOSApp */ = {
			isa = PBXGroup;
			children = (
				C0B8E61C2B80F45D0004BBFE /* Onboarding */,
				C00DB6DB2B7FFB38008DFCB9 /* AppDependencyContainer.swift */,
				C00DB6D52B7FF95F008DFCB9 /* MainViewController.swift */,
				C0B8E6102B80D4E50004BBFE /* LaunchViewController.swift */,
				C0B8E6182B80DC540004BBFE /* LaunchRootView.swift */,
			);
			path = iOSApp;
			sourceTree = "<group>";
		};
		C00DB6D72B7FF9C7008DFCB9 /* DataLayer */ = {
			isa = PBXGroup;
			children = (
			);
			path = DataLayer;
			sourceTree = "<group>";
		};
		C00DB6D82B7FF9D0008DFCB9 /* UILayer */ = {
			isa = PBXGroup;
			children = (
				C0B8E6292B8107070004BBFE /* Onboarding */,
				C0B8E60E2B80D4720004BBFE /* LaunchViewModel.swift */,
				C0B8E60C2B80B0E70004BBFE /* MainView.swift */,
				C00DB6D92B7FFA12008DFCB9 /* MainViewModel.swift */,
				C0B8E6232B80FE820004BBFE /* UserAuthenticationProtocol.swift */,
			);
			path = UILayer;
			sourceTree = "<group>";
		};
		C04B6C7F2B813A01009137A7 /* Reusable */ = {
			isa = PBXGroup;
			children = (
				C04B6C802B813A18009137A7 /* NavigationAction.swift */,
			);
			path = Reusable;
			sourceTree = "<group>";
		};
		C04B6C8C2B8470E3009137A7 /* Resources */ = {
			isa = PBXGroup;
			children = (
				C04B6C8D2B847111009137A7 /* AppColorPallete.png */,
			);
			path = Resources;
			sourceTree = "<group>";
		};
		C0B8E6122B80D9530004BBFE /* UIKit */ = {
			isa = PBXGroup;
			children = (
				C0CE63CC2B8645600058B850 /* CustomLabels */,
				C00DB6CF2B7FF69B008DFCB9 /* NiblessComponents */,
			);
			path = UIKit;
			sourceTree = "<group>";
		};
		C0B8E6132B80D9630004BBFE /* Style */ = {
			isa = PBXGroup;
			children = (
				C0B8E6142B80D97A0004BBFE /* Color.swift */,
				C04B6C8A2B846FBC009137A7 /* UIColor+Extension.swift */,
			);
			path = Style;
			sourceTree = "<group>";
		};
		C0B8E61C2B80F45D0004BBFE /* Onboarding */ = {
			isa = PBXGroup;
			children = (
				C0B8E6202B80F6180004BBFE /* SignIn */,
				C0B8E6212B80F61F0004BBFE /* SignUp */,
				C0B8E61D2B80F4740004BBFE /* Welcome */,
				C0B8E61E2B80F49D0004BBFE /* OnboardingViewController.swift */,
				C04B6C882B81499D009137A7 /* OnboardingDependencyContainer.swift */,
			);
			path = Onboarding;
			sourceTree = "<group>";
		};
		C0B8E61D2B80F4740004BBFE /* Welcome */ = {
			isa = PBXGroup;
			children = (
				C0B8E6252B80FF780004BBFE /* WelcomeViewController.swift */,
				C0B8E6272B80FF880004BBFE /* WelcomeRootView.swift */,
			);
			path = Welcome;
			sourceTree = "<group>";
		};
		C0B8E6202B80F6180004BBFE /* SignIn */ = {
			isa = PBXGroup;
			children = (
				C04B6C8F2B84720B009137A7 /* SignInViewController.swift */,
				C04B6C912B847227009137A7 /* SignInRootView.swift */,
			);
			path = SignIn;
			sourceTree = "<group>";
		};
		C0B8E6212B80F61F0004BBFE /* SignUp */ = {
			isa = PBXGroup;
			children = (
				C0CE63C82B85BB5B0058B850 /* SignUpViewController.swift */,
				C0CE63CA2B85BB730058B850 /* SignUpRootView.swift */,
			);
			path = SignUp;
			sourceTree = "<group>";
		};
		C0B8E6292B8107070004BBFE /* Onboarding */ = {
			isa = PBXGroup;
			children = (
				C04B6C7F2B813A01009137A7 /* Reusable */,
				C0B8E62C2B81073B0004BBFE /* Welcome */,
				C0B8E62B2B8107330004BBFE /* SignUp */,
				C0B8E62A2B81072B0004BBFE /* SignIn */,
				C0B8E62D2B81075A0004BBFE /* OnboardingViewModel.swift */,
				C04B6C7D2B81398D009137A7 /* OnboardingView.swift */,
				C04B6C842B814685009137A7 /* GotoSignInNavigator.swift */,
				C04B6C862B814694009137A7 /* GotoSignUpNavigator.swift */,
			);
			path = Onboarding;
			sourceTree = "<group>";
		};
		C0B8E62A2B81072B0004BBFE /* SignIn */ = {
			isa = PBXGroup;
			children = (
				C04B6C942B847269009137A7 /* SignInViewModel.swift */,
			);
			path = SignIn;
			sourceTree = "<group>";
		};
		C0B8E62B2B8107330004BBFE /* SignUp */ = {
			isa = PBXGroup;
			children = (
				C0CE63C62B85BB280058B850 /* SignUpViewModel.swift */,
			);
			path = SignUp;
			sourceTree = "<group>";
		};
		C0B8E62C2B81073B0004BBFE /* Welcome */ = {
			isa = PBXGroup;
			children = (
				C04B6C822B814637009137A7 /* WelcomeViewModel.swift */,
			);
			path = Welcome;
			sourceTree = "<group>";
		};
		C0CE63CC2B8645600058B850 /* CustomLabels */ = {
			isa = PBXGroup;
			children = (
				C0CE63CD2B8645B80058B850 /* CustomLabels.swift */,
			);
			path = CustomLabels;
			sourceTree = "<group>";
		};
/* End PBXGroup section */

/* Begin PBXNativeTarget section */
		C00DB6942B7FE6E9008DFCB9 /* BookRide */ = {
			isa = PBXNativeTarget;
			buildConfigurationList = C00DB6BF2B7FE6EB008DFCB9 /* Build configuration list for PBXNativeTarget "BookRide" */;
			buildPhases = (
				C00DB6912B7FE6E9008DFCB9 /* Sources */,
				C00DB6922B7FE6E9008DFCB9 /* Frameworks */,
				C00DB6932B7FE6E9008DFCB9 /* Resources */,
			);
			buildRules = (
			);
			dependencies = (
			);
			name = BookRide;
			productName = BookRide;
			productReference = C00DB6952B7FE6E9008DFCB9 /* BookRide.app */;
			productType = "com.apple.product-type.application";
		};
		C00DB6AA2B7FE6EB008DFCB9 /* BookRideTests */ = {
			isa = PBXNativeTarget;
			buildConfigurationList = C00DB6C22B7FE6EB008DFCB9 /* Build configuration list for PBXNativeTarget "BookRideTests" */;
			buildPhases = (
				C00DB6A72B7FE6EB008DFCB9 /* Sources */,
				C00DB6A82B7FE6EB008DFCB9 /* Frameworks */,
				C00DB6A92B7FE6EB008DFCB9 /* Resources */,
			);
			buildRules = (
			);
			dependencies = (
				C00DB6AD2B7FE6EB008DFCB9 /* PBXTargetDependency */,
			);
			name = BookRideTests;
			productName = BookRideTests;
			productReference = C00DB6AB2B7FE6EB008DFCB9 /* BookRideTests.xctest */;
			productType = "com.apple.product-type.bundle.unit-test";
		};
		C00DB6B42B7FE6EB008DFCB9 /* BookRideUITests */ = {
			isa = PBXNativeTarget;
			buildConfigurationList = C00DB6C52B7FE6EB008DFCB9 /* Build configuration list for PBXNativeTarget "BookRideUITests" */;
			buildPhases = (
				C00DB6B12B7FE6EB008DFCB9 /* Sources */,
				C00DB6B22B7FE6EB008DFCB9 /* Frameworks */,
				C00DB6B32B7FE6EB008DFCB9 /* Resources */,
			);
			buildRules = (
			);
			dependencies = (
				C00DB6B72B7FE6EB008DFCB9 /* PBXTargetDependency */,
			);
			name = BookRideUITests;
			productName = BookRideUITests;
			productReference = C00DB6B52B7FE6EB008DFCB9 /* BookRideUITests.xctest */;
			productType = "com.apple.product-type.bundle.ui-testing";
		};
/* End PBXNativeTarget section */

/* Begin PBXProject section */
		C00DB68D2B7FE6E9008DFCB9 /* Project object */ = {
			isa = PBXProject;
			attributes = {
				BuildIndependentTargetsInParallel = 1;
				LastSwiftUpdateCheck = 1520;
				LastUpgradeCheck = 1520;
				TargetAttributes = {
					C00DB6942B7FE6E9008DFCB9 = {
						CreatedOnToolsVersion = 15.2;
					};
					C00DB6AA2B7FE6EB008DFCB9 = {
						CreatedOnToolsVersion = 15.2;
						TestTargetID = C00DB6942B7FE6E9008DFCB9;
					};
					C00DB6B42B7FE6EB008DFCB9 = {
						CreatedOnToolsVersion = 15.2;
						TestTargetID = C00DB6942B7FE6E9008DFCB9;
					};
				};
			};
			buildConfigurationList = C00DB6902B7FE6E9008DFCB9 /* Build configuration list for PBXProject "BookRide" */;
			compatibilityVersion = "Xcode 14.0";
			developmentRegion = en;
			hasScannedForEncodings = 0;
			knownRegions = (
				en,
				Base,
			);
			mainGroup = C00DB68C2B7FE6E9008DFCB9;
			productRefGroup = C00DB6962B7FE6E9008DFCB9 /* Products */;
			projectDirPath = "";
			projectRoot = "";
			targets = (
				C00DB6942B7FE6E9008DFCB9 /* BookRide */,
				C00DB6AA2B7FE6EB008DFCB9 /* BookRideTests */,
				C00DB6B42B7FE6EB008DFCB9 /* BookRideUITests */,
			);
		};
/* End PBXProject section */

/* Begin PBXResourcesBuildPhase section */
		C00DB6932B7FE6E9008DFCB9 /* Resources */ = {
			isa = PBXResourcesBuildPhase;
			buildActionMask = 2147483647;
			files = (
				C00DB6A52B7FE6EB008DFCB9 /* LaunchScreen.storyboard in Resources */,
				C00DB6A22B7FE6EB008DFCB9 /* Assets.xcassets in Resources */,
				C04B6C8E2B847111009137A7 /* AppColorPallete.png in Resources */,
			);
			runOnlyForDeploymentPostprocessing = 0;
		};
		C00DB6A92B7FE6EB008DFCB9 /* Resources */ = {
			isa = PBXResourcesBuildPhase;
			buildActionMask = 2147483647;
			files = (
			);
			runOnlyForDeploymentPostprocessing = 0;
		};
		C00DB6B32B7FE6EB008DFCB9 /* Resources */ = {
			isa = PBXResourcesBuildPhase;
			buildActionMask = 2147483647;
			files = (
			);
			runOnlyForDeploymentPostprocessing = 0;
		};
/* End PBXResourcesBuildPhase section */

/* Begin PBXSourcesBuildPhase section */
		C00DB6912B7FE6E9008DFCB9 /* Sources */ = {
			isa = PBXSourcesBuildPhase;
			buildActionMask = 2147483647;
			files = (
				C00DB6992B7FE6E9008DFCB9 /* AppDelegate.swift in Sources */,
				C0B8E6282B80FF880004BBFE /* WelcomeRootView.swift in Sources */,
				C0B8E6262B80FF780004BBFE /* WelcomeViewController.swift in Sources */,
				C0B8E6112B80D4E50004BBFE /* LaunchViewController.swift in Sources */,
				C0CE63CB2B85BB730058B850 /* SignUpRootView.swift in Sources */,
				C0B8E6152B80D97A0004BBFE /* Color.swift in Sources */,
				C0B8E60D2B80B0E70004BBFE /* MainView.swift in Sources */,
				C04B6C7C2B81381F009137A7 /* NiblessNavigationController.swift in Sources */,
				C04B6C852B814685009137A7 /* GotoSignInNavigator.swift in Sources */,
				C00DB6DC2B7FFB38008DFCB9 /* AppDependencyContainer.swift in Sources */,
				C0B8E6192B80DC540004BBFE /* LaunchRootView.swift in Sources */,
				C04B6C922B847227009137A7 /* SignInRootView.swift in Sources */,
				C00DB6D12B7FF6C7008DFCB9 /* NiblessViewController.swift in Sources */,
				C04B6C902B84720B009137A7 /* SignInViewController.swift in Sources */,
				C00DB69B2B7FE6E9008DFCB9 /* SceneDelegate.swift in Sources */,
				C04B6C892B81499D009137A7 /* OnboardingDependencyContainer.swift in Sources */,
				C0B8E61B2B80E2010004BBFE /* ViewControllerContainment.swift in Sources */,
				C0CE63C92B85BB5B0058B850 /* SignUpViewController.swift in Sources */,
				C04B6C812B813A18009137A7 /* NavigationAction.swift in Sources */,
				C00DB6D32B7FF85A008DFCB9 /* NiblessView.swift in Sources */,
				C04B6C7E2B81398D009137A7 /* OnboardingView.swift in Sources */,
				C00DB6D62B7FF95F008DFCB9 /* MainViewController.swift in Sources */,
				C0B8E62E2B81075A0004BBFE /* OnboardingViewModel.swift in Sources */,
				C0CE63CE2B8645B90058B850 /* CustomLabels.swift in Sources */,
				C04B6C832B814637009137A7 /* WelcomeViewModel.swift in Sources */,
				C0CE63C72B85BB280058B850 /* SignUpViewModel.swift in Sources */,
				C0B8E6242B80FE820004BBFE /* UserAuthenticationProtocol.swift in Sources */,
				C0B8E61F2B80F49D0004BBFE /* OnboardingViewController.swift in Sources */,
				C04B6C952B847269009137A7 /* SignInViewModel.swift in Sources */,
				C00DB6DA2B7FFA12008DFCB9 /* MainViewModel.swift in Sources */,
				C04B6C8B2B846FBC009137A7 /* UIColor+Extension.swift in Sources */,
				C04B6C872B814694009137A7 /* GotoSignUpNavigator.swift in Sources */,
				C0B8E60F2B80D4720004BBFE /* LaunchViewModel.swift in Sources */,
			);
			runOnlyForDeploymentPostprocessing = 0;
		};
		C00DB6A72B7FE6EB008DFCB9 /* Sources */ = {
			isa = PBXSourcesBuildPhase;
			buildActionMask = 2147483647;
			files = (
				C00DB6B02B7FE6EB008DFCB9 /* BookRideTests.swift in Sources */,
			);
			runOnlyForDeploymentPostprocessing = 0;
		};
		C00DB6B12B7FE6EB008DFCB9 /* Sources */ = {
			isa = PBXSourcesBuildPhase;
			buildActionMask = 2147483647;
			files = (
				C00DB6BC2B7FE6EB008DFCB9 /* BookRideUITestsLaunchTests.swift in Sources */,
				C00DB6BA2B7FE6EB008DFCB9 /* BookRideUITests.swift in Sources */,
			);
			runOnlyForDeploymentPostprocessing = 0;
		};
/* End PBXSourcesBuildPhase section */

/* Begin PBXTargetDependency section */
		C00DB6AD2B7FE6EB008DFCB9 /* PBXTargetDependency */ = {
			isa = PBXTargetDependency;
			target = C00DB6942B7FE6E9008DFCB9 /* BookRide */;
			targetProxy = C00DB6AC2B7FE6EB008DFCB9 /* PBXContainerItemProxy */;
		};
		C00DB6B72B7FE6EB008DFCB9 /* PBXTargetDependency */ = {
			isa = PBXTargetDependency;
			target = C00DB6942B7FE6E9008DFCB9 /* BookRide */;
			targetProxy = C00DB6B62B7FE6EB008DFCB9 /* PBXContainerItemProxy */;
		};
/* End PBXTargetDependency section */

/* Begin PBXVariantGroup section */
		C00DB6A32B7FE6EB008DFCB9 /* LaunchScreen.storyboard */ = {
			isa = PBXVariantGroup;
			children = (
				C00DB6A42B7FE6EB008DFCB9 /* Base */,
			);
			name = LaunchScreen.storyboard;
			sourceTree = "<group>";
		};
/* End PBXVariantGroup section */

/* Begin XCBuildConfiguration section */
		C00DB6BD2B7FE6EB008DFCB9 /* Debug */ = {
			isa = XCBuildConfiguration;
			buildSettings = {
				ALWAYS_SEARCH_USER_PATHS = NO;
				ASSETCATALOG_COMPILER_GENERATE_SWIFT_ASSET_SYMBOL_EXTENSIONS = YES;
				CLANG_ANALYZER_NONNULL = YES;
				CLANG_ANALYZER_NUMBER_OBJECT_CONVERSION = YES_AGGRESSIVE;
				CLANG_CXX_LANGUAGE_STANDARD = "gnu++20";
				CLANG_ENABLE_MODULES = YES;
				CLANG_ENABLE_OBJC_ARC = YES;
				CLANG_ENABLE_OBJC_WEAK = YES;
				CLANG_WARN_BLOCK_CAPTURE_AUTORELEASING = YES;
				CLANG_WARN_BOOL_CONVERSION = YES;
				CLANG_WARN_COMMA = YES;
				CLANG_WARN_CONSTANT_CONVERSION = YES;
				CLANG_WARN_DEPRECATED_OBJC_IMPLEMENTATIONS = YES;
				CLANG_WARN_DIRECT_OBJC_ISA_USAGE = YES_ERROR;
				CLANG_WARN_DOCUMENTATION_COMMENTS = YES;
				CLANG_WARN_EMPTY_BODY = YES;
				CLANG_WARN_ENUM_CONVERSION = YES;
				CLANG_WARN_INFINITE_RECURSION = YES;
				CLANG_WARN_INT_CONVERSION = YES;
				CLANG_WARN_NON_LITERAL_NULL_CONVERSION = YES;
				CLANG_WARN_OBJC_IMPLICIT_RETAIN_SELF = YES;
				CLANG_WARN_OBJC_LITERAL_CONVERSION = YES;
				CLANG_WARN_OBJC_ROOT_CLASS = YES_ERROR;
				CLANG_WARN_QUOTED_INCLUDE_IN_FRAMEWORK_HEADER = YES;
				CLANG_WARN_RANGE_LOOP_ANALYSIS = YES;
				CLANG_WARN_STRICT_PROTOTYPES = YES;
				CLANG_WARN_SUSPICIOUS_MOVE = YES;
				CLANG_WARN_UNGUARDED_AVAILABILITY = YES_AGGRESSIVE;
				CLANG_WARN_UNREACHABLE_CODE = YES;
				CLANG_WARN__DUPLICATE_METHOD_MATCH = YES;
				COPY_PHASE_STRIP = NO;
				DEBUG_INFORMATION_FORMAT = dwarf;
				ENABLE_STRICT_OBJC_MSGSEND = YES;
				ENABLE_TESTABILITY = YES;
				ENABLE_USER_SCRIPT_SANDBOXING = YES;
				GCC_C_LANGUAGE_STANDARD = gnu17;
				GCC_DYNAMIC_NO_PIC = NO;
				GCC_NO_COMMON_BLOCKS = YES;
				GCC_OPTIMIZATION_LEVEL = 0;
				GCC_PREPROCESSOR_DEFINITIONS = (
					"DEBUG=1",
					"$(inherited)",
				);
				GCC_WARN_64_TO_32_BIT_CONVERSION = YES;
				GCC_WARN_ABOUT_RETURN_TYPE = YES_ERROR;
				GCC_WARN_UNDECLARED_SELECTOR = YES;
				GCC_WARN_UNINITIALIZED_AUTOS = YES_AGGRESSIVE;
				GCC_WARN_UNUSED_FUNCTION = YES;
				GCC_WARN_UNUSED_VARIABLE = YES;
				IPHONEOS_DEPLOYMENT_TARGET = 17.2;
				LOCALIZATION_PREFERS_STRING_CATALOGS = YES;
				MTL_ENABLE_DEBUG_INFO = INCLUDE_SOURCE;
				MTL_FAST_MATH = YES;
				ONLY_ACTIVE_ARCH = YES;
				SDKROOT = iphoneos;
				SWIFT_ACTIVE_COMPILATION_CONDITIONS = "DEBUG $(inherited)";
				SWIFT_OPTIMIZATION_LEVEL = "-Onone";
			};
			name = Debug;
		};
		C00DB6BE2B7FE6EB008DFCB9 /* Release */ = {
			isa = XCBuildConfiguration;
			buildSettings = {
				ALWAYS_SEARCH_USER_PATHS = NO;
				ASSETCATALOG_COMPILER_GENERATE_SWIFT_ASSET_SYMBOL_EXTENSIONS = YES;
				CLANG_ANALYZER_NONNULL = YES;
				CLANG_ANALYZER_NUMBER_OBJECT_CONVERSION = YES_AGGRESSIVE;
				CLANG_CXX_LANGUAGE_STANDARD = "gnu++20";
				CLANG_ENABLE_MODULES = YES;
				CLANG_ENABLE_OBJC_ARC = YES;
				CLANG_ENABLE_OBJC_WEAK = YES;
				CLANG_WARN_BLOCK_CAPTURE_AUTORELEASING = YES;
				CLANG_WARN_BOOL_CONVERSION = YES;
				CLANG_WARN_COMMA = YES;
				CLANG_WARN_CONSTANT_CONVERSION = YES;
				CLANG_WARN_DEPRECATED_OBJC_IMPLEMENTATIONS = YES;
				CLANG_WARN_DIRECT_OBJC_ISA_USAGE = YES_ERROR;
				CLANG_WARN_DOCUMENTATION_COMMENTS = YES;
				CLANG_WARN_EMPTY_BODY = YES;
				CLANG_WARN_ENUM_CONVERSION = YES;
				CLANG_WARN_INFINITE_RECURSION = YES;
				CLANG_WARN_INT_CONVERSION = YES;
				CLANG_WARN_NON_LITERAL_NULL_CONVERSION = YES;
				CLANG_WARN_OBJC_IMPLICIT_RETAIN_SELF = YES;
				CLANG_WARN_OBJC_LITERAL_CONVERSION = YES;
				CLANG_WARN_OBJC_ROOT_CLASS = YES_ERROR;
				CLANG_WARN_QUOTED_INCLUDE_IN_FRAMEWORK_HEADER = YES;
				CLANG_WARN_RANGE_LOOP_ANALYSIS = YES;
				CLANG_WARN_STRICT_PROTOTYPES = YES;
				CLANG_WARN_SUSPICIOUS_MOVE = YES;
				CLANG_WARN_UNGUARDED_AVAILABILITY = YES_AGGRESSIVE;
				CLANG_WARN_UNREACHABLE_CODE = YES;
				CLANG_WARN__DUPLICATE_METHOD_MATCH = YES;
				COPY_PHASE_STRIP = NO;
				DEBUG_INFORMATION_FORMAT = "dwarf-with-dsym";
				ENABLE_NS_ASSERTIONS = NO;
				ENABLE_STRICT_OBJC_MSGSEND = YES;
				ENABLE_USER_SCRIPT_SANDBOXING = YES;
				GCC_C_LANGUAGE_STANDARD = gnu17;
				GCC_NO_COMMON_BLOCKS = YES;
				GCC_WARN_64_TO_32_BIT_CONVERSION = YES;
				GCC_WARN_ABOUT_RETURN_TYPE = YES_ERROR;
				GCC_WARN_UNDECLARED_SELECTOR = YES;
				GCC_WARN_UNINITIALIZED_AUTOS = YES_AGGRESSIVE;
				GCC_WARN_UNUSED_FUNCTION = YES;
				GCC_WARN_UNUSED_VARIABLE = YES;
				IPHONEOS_DEPLOYMENT_TARGET = 17.2;
				LOCALIZATION_PREFERS_STRING_CATALOGS = YES;
				MTL_ENABLE_DEBUG_INFO = NO;
				MTL_FAST_MATH = YES;
				SDKROOT = iphoneos;
				SWIFT_COMPILATION_MODE = wholemodule;
				VALIDATE_PRODUCT = YES;
			};
			name = Release;
		};
		C00DB6C02B7FE6EB008DFCB9 /* Debug */ = {
			isa = XCBuildConfiguration;
			buildSettings = {
				ASSETCATALOG_COMPILER_APPICON_NAME = AppIcon;
				ASSETCATALOG_COMPILER_GLOBAL_ACCENT_COLOR_NAME = AccentColor;
				CODE_SIGN_STYLE = Automatic;
				CURRENT_PROJECT_VERSION = 1;
				DEVELOPMENT_TEAM = 9T6VTX7NFQ;
				GENERATE_INFOPLIST_FILE = YES;
				INFOPLIST_FILE = BookRide/Info.plist;
				INFOPLIST_KEY_UIApplicationSupportsIndirectInputEvents = YES;
				INFOPLIST_KEY_UILaunchStoryboardName = LaunchScreen;
				INFOPLIST_KEY_UISupportedInterfaceOrientations = UIInterfaceOrientationPortrait;
				LD_RUNPATH_SEARCH_PATHS = (
					"$(inherited)",
					"@executable_path/Frameworks",
				);
				MARKETING_VERSION = 1.0;
				PRODUCT_BUNDLE_IDENTIFIER = com.zeusEX.com.BookRide;
				PRODUCT_NAME = "$(TARGET_NAME)";
				SWIFT_EMIT_LOC_STRINGS = YES;
				SWIFT_VERSION = 5.0;
				TARGETED_DEVICE_FAMILY = "1,2";
			};
			name = Debug;
		};
		C00DB6C12B7FE6EB008DFCB9 /* Release */ = {
			isa = XCBuildConfiguration;
			buildSettings = {
				ASSETCATALOG_COMPILER_APPICON_NAME = AppIcon;
				ASSETCATALOG_COMPILER_GLOBAL_ACCENT_COLOR_NAME = AccentColor;
				CODE_SIGN_STYLE = Automatic;
				CURRENT_PROJECT_VERSION = 1;
				DEVELOPMENT_TEAM = 9T6VTX7NFQ;
				GENERATE_INFOPLIST_FILE = YES;
				INFOPLIST_FILE = BookRide/Info.plist;
				INFOPLIST_KEY_UIApplicationSupportsIndirectInputEvents = YES;
				INFOPLIST_KEY_UILaunchStoryboardName = LaunchScreen;
				INFOPLIST_KEY_UISupportedInterfaceOrientations = UIInterfaceOrientationPortrait;
				LD_RUNPATH_SEARCH_PATHS = (
					"$(inherited)",
					"@executable_path/Frameworks",
				);
				MARKETING_VERSION = 1.0;
				PRODUCT_BUNDLE_IDENTIFIER = com.zeusEX.com.BookRide;
				PRODUCT_NAME = "$(TARGET_NAME)";
				SWIFT_EMIT_LOC_STRINGS = YES;
				SWIFT_VERSION = 5.0;
				TARGETED_DEVICE_FAMILY = "1,2";
			};
			name = Release;
		};
		C00DB6C32B7FE6EB008DFCB9 /* Debug */ = {
			isa = XCBuildConfiguration;
			buildSettings = {
				ALWAYS_EMBED_SWIFT_STANDARD_LIBRARIES = YES;
				BUNDLE_LOADER = "$(TEST_HOST)";
				CODE_SIGN_STYLE = Automatic;
				CURRENT_PROJECT_VERSION = 1;
				DEVELOPMENT_TEAM = 9T6VTX7NFQ;
				GENERATE_INFOPLIST_FILE = YES;
				IPHONEOS_DEPLOYMENT_TARGET = 17.2;
				MARKETING_VERSION = 1.0;
				PRODUCT_BUNDLE_IDENTIFIER = com.zeusEX.com.BookRideTests;
				PRODUCT_NAME = "$(TARGET_NAME)";
				SWIFT_EMIT_LOC_STRINGS = NO;
				SWIFT_VERSION = 5.0;
				TARGETED_DEVICE_FAMILY = "1,2";
				TEST_HOST = "$(BUILT_PRODUCTS_DIR)/BookRide.app/$(BUNDLE_EXECUTABLE_FOLDER_PATH)/BookRide";
			};
			name = Debug;
		};
		C00DB6C42B7FE6EB008DFCB9 /* Release */ = {
			isa = XCBuildConfiguration;
			buildSettings = {
				ALWAYS_EMBED_SWIFT_STANDARD_LIBRARIES = YES;
				BUNDLE_LOADER = "$(TEST_HOST)";
				CODE_SIGN_STYLE = Automatic;
				CURRENT_PROJECT_VERSION = 1;
				DEVELOPMENT_TEAM = 9T6VTX7NFQ;
				GENERATE_INFOPLIST_FILE = YES;
				IPHONEOS_DEPLOYMENT_TARGET = 17.2;
				MARKETING_VERSION = 1.0;
				PRODUCT_BUNDLE_IDENTIFIER = com.zeusEX.com.BookRideTests;
				PRODUCT_NAME = "$(TARGET_NAME)";
				SWIFT_EMIT_LOC_STRINGS = NO;
				SWIFT_VERSION = 5.0;
				TARGETED_DEVICE_FAMILY = "1,2";
				TEST_HOST = "$(BUILT_PRODUCTS_DIR)/BookRide.app/$(BUNDLE_EXECUTABLE_FOLDER_PATH)/BookRide";
			};
			name = Release;
		};
		C00DB6C62B7FE6EB008DFCB9 /* Debug */ = {
			isa = XCBuildConfiguration;
			buildSettings = {
				ALWAYS_EMBED_SWIFT_STANDARD_LIBRARIES = YES;
				CODE_SIGN_STYLE = Automatic;
				CURRENT_PROJECT_VERSION = 1;
				DEVELOPMENT_TEAM = 9T6VTX7NFQ;
				GENERATE_INFOPLIST_FILE = YES;
				MARKETING_VERSION = 1.0;
				PRODUCT_BUNDLE_IDENTIFIER = com.zeusEX.com.BookRideUITests;
				PRODUCT_NAME = "$(TARGET_NAME)";
				SWIFT_EMIT_LOC_STRINGS = NO;
				SWIFT_VERSION = 5.0;
				TARGETED_DEVICE_FAMILY = "1,2";
				TEST_TARGET_NAME = BookRide;
			};
			name = Debug;
		};
		C00DB6C72B7FE6EB008DFCB9 /* Release */ = {
			isa = XCBuildConfiguration;
			buildSettings = {
				ALWAYS_EMBED_SWIFT_STANDARD_LIBRARIES = YES;
				CODE_SIGN_STYLE = Automatic;
				CURRENT_PROJECT_VERSION = 1;
				DEVELOPMENT_TEAM = 9T6VTX7NFQ;
				GENERATE_INFOPLIST_FILE = YES;
				MARKETING_VERSION = 1.0;
				PRODUCT_BUNDLE_IDENTIFIER = com.zeusEX.com.BookRideUITests;
				PRODUCT_NAME = "$(TARGET_NAME)";
				SWIFT_EMIT_LOC_STRINGS = NO;
				SWIFT_VERSION = 5.0;
				TARGETED_DEVICE_FAMILY = "1,2";
				TEST_TARGET_NAME = BookRide;
			};
			name = Release;
		};
/* End XCBuildConfiguration section */

/* Begin XCConfigurationList section */
		C00DB6902B7FE6E9008DFCB9 /* Build configuration list for PBXProject "BookRide" */ = {
			isa = XCConfigurationList;
			buildConfigurations = (
				C00DB6BD2B7FE6EB008DFCB9 /* Debug */,
				C00DB6BE2B7FE6EB008DFCB9 /* Release */,
			);
			defaultConfigurationIsVisible = 0;
			defaultConfigurationName = Release;
		};
		C00DB6BF2B7FE6EB008DFCB9 /* Build configuration list for PBXNativeTarget "BookRide" */ = {
			isa = XCConfigurationList;
			buildConfigurations = (
				C00DB6C02B7FE6EB008DFCB9 /* Debug */,
				C00DB6C12B7FE6EB008DFCB9 /* Release */,
			);
			defaultConfigurationIsVisible = 0;
			defaultConfigurationName = Release;
		};
		C00DB6C22B7FE6EB008DFCB9 /* Build configuration list for PBXNativeTarget "BookRideTests" */ = {
			isa = XCConfigurationList;
			buildConfigurations = (
				C00DB6C32B7FE6EB008DFCB9 /* Debug */,
				C00DB6C42B7FE6EB008DFCB9 /* Release */,
			);
			defaultConfigurationIsVisible = 0;
			defaultConfigurationName = Release;
		};
		C00DB6C52B7FE6EB008DFCB9 /* Build configuration list for PBXNativeTarget "BookRideUITests" */ = {
			isa = XCConfigurationList;
			buildConfigurations = (
				C00DB6C62B7FE6EB008DFCB9 /* Debug */,
				C00DB6C72B7FE6EB008DFCB9 /* Release */,
			);
			defaultConfigurationIsVisible = 0;
			defaultConfigurationName = Release;
		};
/* End XCConfigurationList section */
	};
	rootObject = C00DB68D2B7FE6E9008DFCB9 /* Project object */;
}
